<?xml version="1.0" encoding="UTF-8" standalone="yes" ?>
<CodeBlocks_project_file>
	<FileVersion major="1" minor="6" />
	<Project>
		<Option title="projectTable" />
		<Option pch_mode="2" />
		<Option compiler="gcc" />
		<Build>
			<Target title="Debug">
				<Option output="bin/Debug/projectTable" prefix_auto="1" extension_auto="1" />
				<Option object_output="obj/Debug/" />
				<Option type="1" />
				<Option compiler="gcc" />
				<Compiler>
					<Add option="-g" />
				</Compiler>
			</Target>
			<Target title="Release">
				<Option output="bin/Release/projectTable" prefix_auto="1" extension_auto="1" />
				<Option object_output="obj/Release/" />
				<Option type="1" />
				<Option compiler="gcc" />
				<Compiler>
					<Add option="-O2" />
				</Compiler>
				<Linker>
					<Add option="-s" />
				</Linker>
			</Target>
		</Build>
		<Compiler>
			<Add option="-Wall" />
			<Add option="-fexceptions" />
		</Compiler>
		<Unit filename="FormulaCell.cpp" />
		<Unit filename="FormulaCell.hpp" />
		<Unit filename="FullNumCell.cpp" />
		<Unit filename="FullNumCell.hpp" />
		<Unit filename="NumberCell.cpp" />
		<Unit filename="NumberCell.hpp" />
		<Unit filename="Table.cpp" />
		<Unit filename="Table.hpp" />
		<Unit filename="TableCommand.cpp" />
		<Unit filename="TableCommand.hpp" />
		<Unit filename="TextCell.cpp" />
		<Unit filename="TextCell.hpp" />
		<Unit filename="cell.cpp" />
		<Unit filename="cell.hpp" />
		<Unit filename="main.cpp" />
		<Extensions />
	</Project>
</CodeBlocks_project_file>
